{
  "version": 4,
  "terraform_version": "1.14.7",
  "serial": 256,
  "lineage": "89b87398-cc70-6be4-c18f-854193269f00",
  "outputs": {
    "callback_url": {
      "value": "http://localhost:8080/login/oauth2/code/cognito",
      "type": "string"
    },
    "client_id": {
      "value": "244re9js2io9aruoc1m62pqdjf",
      "type": "string"
    },
    "client_secret": {
      "value": "1ld47duk9o6jbqvfeemh2hm1b6lptjt11gv2st8gl88mm9d60hoe",
      "type": "string",
      "sensitive": true
    },
    "cognito_config_summary": {
      "value": {
        "callback_urls": [
          "http://localhost:8080/login/oauth2/code/cognito",
          "http://localhost:4200"
        ],
        "client_id": "244re9js2io9aruoc1m62pqdjf",
        "hosted_ui_domain": "gstbuddies-dev-ifgcoqsh.auth.us-east-1.amazoncognito.com",
        "issuer_uri": "https://cognito-idp.us-east-1.amazonaws.com/us-east-1_6Z26bMGxv",
        "logout_urls": [
          "http://localhost:8080",
          "http://localhost:4200"
        ],
        "managed_login_branding_id": "7f056bb6-0ac6-44eb-bca1-b690052feffb",
        "managed_login_version": "v2 (Modern UI)",
        "region": "us-east-1",
        "user_pool_id": "us-east-1_6Z26bMGxv"
      },
      "type": [
        "object",
        {
          "callback_urls": [
            "list",
            "string"
          ],
          "client_id": "string",
          "hosted_ui_domain": "string",
          "issuer_uri": "string",
          "logout_urls": [
            "list",
            "string"
          ],
          "managed_login_branding_id": "string",
          "managed_login_version": "string",
          "region": "string",
          "user_pool_id": "string"
        }
      ]
    },
    "cognito_domain": {
      "value": "gstbuddies-dev-ifgcoqsh",
      "type": "string"
    },
    "cognito_domain_cloudfront": {
      "value": "d3oia8etllorh5.cloudfront.net",
      "type": "string"
    },
    "hosted_ui_url": {
      "value": "https://gstbuddies-dev-ifgcoqsh.auth.us-east-1.amazoncognito.com/oauth2/authorize?client_id=244re9js2io9aruoc1m62pqdjf\u0026response_type=code\u0026scope=openid+email+profile+phone\u0026redirect_uri=http%3A%2F%2Flocalhost%3A8080%2Flogin%2Foauth2%2Fcode%2Fcognito",
      "type": "string"
    },
    "issuer_uri": {
      "value": "https://cognito-idp.us-east-1.amazonaws.com/us-east-1_6Z26bMGxv",
      "type": "string"
    },
    "jwks_uri": {
      "value": "https://cognito-idp.us-east-1.amazonaws.com/us-east-1_6Z26bMGxv/.well-known/jwks.json",
      "type": "string"
    },
    "logout_redirect_url": {
      "value": "http://localhost:8080",
      "type": "string"
    },
    "logout_url": {
      "value": "https://gstbuddies-dev-ifgcoqsh.auth.us-east-1.amazoncognito.com/logout?client_id=244re9js2io9aruoc1m62pqdjf\u0026logout_uri=http%3A%2F%2Flocalhost%3A8080",
      "type": "string"
    },
    "managed_login_branding_id": {
      "value": "7f056bb6-0ac6-44eb-bca1-b690052feffb",
      "type": "string"
    },
    "ses_email_sending_mode": {
      "value": "COGNITO_DEFAULT",
      "type": "string"
    },
    "ses_from_email": {
      "value": "no-reply@verificationemail.com (Cognito default)",
      "type": "string"
    },
    "spa_client_id": {
      "value": "453k4rhu7j7v8g653n1kt7g6np",
      "type": "string"
    },
    "spring_boot_config": {
      "value": "spring:\n  security:\n    oauth2:\n      client:\n        registration:\n          cognito:\n            client-id: 244re9js2io9aruoc1m62pqdjf\n            client-secret: \u003cfrom-ssm\u003e\n            scope: openid,email,profile,phone\n            redirect-uri: http://localhost:8080/login/oauth2/code/cognito\n            authorization-grant-type: authorization_code\n        provider:\n          cognito:\n            issuer-uri: https://cognito-idp.us-east-1.amazonaws.com/us-east-1_6Z26bMGxv\n            user-name-attribute: username\n      resourceserver:\n        jwt:\n          issuer-uri: https://cognito-idp.us-east-1.amazonaws.com/us-east-1_6Z26bMGxv\n          jwk-set-uri: https://cognito-idp.us-east-1.amazonaws.com/us-east-1_6Z26bMGxv/.well-known/jwks.json\n",
      "type": "string"
    },
    "ssm_base_path": {
      "value": "/gstbuddies/dev",
      "type": "string"
    },
    "ssm_cognito_path": {
      "value": "/gstbuddies/dev/cognito",
      "type": "string"
    },
    "token_endpoint": {
      "value": "https://gstbuddies-dev-ifgcoqsh.auth.us-east-1.amazoncognito.com/oauth2/token",
      "type": "string"
    },
    "user_groups": {
      "value": {
        "admin": "admin",
        "tenant_admin": "tenant-admin",
        "user": "user"
      },
      "type": [
        "object",
        {
          "admin": "string",
          "tenant_admin": "string",
          "user": "string"
        }
      ]
    },
    "user_pool_arn": {
      "value": "arn:aws:cognito-idp:us-east-1:045084720221:userpool/us-east-1_6Z26bMGxv",
      "type": "string"
    },
    "user_pool_endpoint": {
      "value": "cognito-idp.us-east-1.amazonaws.com/us-east-1_6Z26bMGxv",
      "type": "string"
    },
    "user_pool_id": {
      "value": "us-east-1_6Z26bMGxv",
      "type": "string"
    },
    "userinfo_endpoint": {
      "value": "https://gstbuddies-dev-ifgcoqsh.auth.us-east-1.amazoncognito.com/oauth2/userInfo",
      "type": "string"
    }
  },
  "resources": [
    {
      "mode": "data",
      "type": "aws_caller_identity",
      "name": "current",
      "provider": "provider[\"registry.terraform.io/hashicorp/aws\"]",
      "instances": [
        {
          "schema_version": 0,
          "attributes": {
            "account_id": "045084720221",
            "arn": "arn:aws:iam::045084720221:user/cli-admin",
            "id": "045084720221",
            "user_id": "AIDAQU72CHRO5KF66FORO"
          },
          "sensitive_attributes": [],
          "identity_schema_version": 0
        }
      ]
    },
    {
      "mode": "managed",
      "type": "null_resource",
      "name": "configure_cognito_trigger",
      "provider": "provider[\"registry.terraform.io/hashicorp/null\"]",
      "instances": [
        {
          "schema_version": 0,
          "attributes": {
            "id": "5526410387029586429",
            "triggers": {
              "post_confirmation_arn": "arn:aws:lambda:us-east-1:045084720221:function:gstbuddies-dev-cognito-post-confirmation",
              "pre_token_generation_arn": "arn:aws:lambda:us-east-1:045084720221:function:gstbuddies-dev-cognito-pre-token-gen",
              "user_pool_id": "us-east-1_6Z26bMGxv"
            }
          },
          "sensitive_attributes": [],
          "identity_schema_version": 0,
          "dependencies": [
            "data.aws_caller_identity.current",
            "data.aws_ssm_parameter.google_client_id",
            "data.aws_ssm_parameter.google_client_secret",
            "module.cognito.aws_cognito_identity_provider.google",
            "module.cognito.aws_cognito_managed_login_branding.main",
            "module.cognito.aws_cognito_user_group.admin",
            "module.cognito.aws_cognito_user_group.tenant_admin",
            "module.cognito.aws_cognito_user_group.user",
            "module.cognito.aws_cognito_user_pool.main",
            "module.cognito.aws_cognito_user_pool_client.native",
            "module.cognito.aws_cognito_user_pool_client.spa",
            "module.cognito.aws_cognito_user_pool_domain.main",
            "module.cognito.random_string.domain_suffix",
            "module.lambda_post_confirmation.aws_cloudwatch_log_group.lambda_logs",
            "module.lambda_post_confirmation.aws_iam_role.lambda_exec",
            "module.lambda_post_confirmation.aws_iam_role_policy.lambda_cognito_policy",
            "module.lambda_post_confirmation.aws_lambda_function.post_confirmation",
            "module.lambda_post_confirmation.aws_lambda_permission.cognito_invoke",
            "module.lambda_post_confirmation.data.archive_file.lambda_zip",
            "module.lambda_pre_token_generation.aws_cloudwatch_log_group.lambda_logs",
            "module.lambda_pre_token_generation.aws_iam_role.lambda_exec",
            "module.lambda_pre_token_generation.aws_iam_role_policy.lambda_policy",
            "module.lambda_pre_token_generation.aws_iam_role_policy_attachment.lambda_vpc",
            "module.lambda_pre_token_generation.aws_lambda_function.pre_token_generation",
            "module.lambda_pre_token_generation.aws_lambda_permission.cognito_invoke",
            "module.lambda_pre_token_generation.aws_security_group.lambda",
            "module.lambda_pre_token_generation.data.archive_file.lambda_zip"
          ]
        }
      ]
    },
    {
      "module": "module.cognito",
      "mode": "managed",
      "type": "aws_cognito_managed_login_branding",
      "name": "main",
      "provider": "provider[\"registry.terraform.io/hashicorp/aws\"]",
      "instances": [
        {
          "schema_version": 0,
          "attributes": {
            "asset": [],
            "client_id": "244re9js2io9aruoc1m62pqdjf",
            "managed_login_branding_id": "7f056bb6-0ac6-44eb-bca1-b690052feffb",
            "region": "us-east-1",
            "settings": null,
            "settings_all": "{\"categories\":{\"auth\":{\"authMethodOrder\":[[{\"display\":\"BUTTON\",\"type\":\"FEDERATED\"},{\"display\":\"INPUT\",\"type\":\"USERNAME_PASSWORD\"}]],\"federation\":{\"interfaceStyle\":\"BUTTON_LIST\",\"order\":[]}},\"form\":{\"displayGraphics\":true,\"instructions\":{\"enabled\":false},\"languageSelector\":{\"enabled\":false},\"location\":{\"horizontal\":\"CENTER\",\"vertical\":\"CENTER\"},\"sessionTimerDisplay\":\"NONE\"},\"global\":{\"colorSchemeMode\":\"LIGHT\",\"pageFooter\":{\"enabled\":false},\"pageHeader\":{\"enabled\":false},\"spacingDensity\":\"REGULAR\"},\"signUp\":{\"acceptanceElements\":[{\"enforcement\":\"NONE\",\"textKey\":\"en\"}]}},\"componentClasses\":{\"buttons\":{\"borderRadius\":8},\"divider\":{\"darkMode\":{\"borderColor\":\"232b37ff\"},\"lightMode\":{\"borderColor\":\"ebebf0ff\"}},\"dropDown\":{\"borderRadius\":8,\"darkMode\":{\"defaults\":{\"itemBackgroundColor\":\"192534ff\"},\"hover\":{\"itemBackgroundColor\":\"081120ff\",\"itemBorderColor\":\"5f6b7aff\",\"itemTextColor\":\"e9ebedff\"},\"match\":{\"itemBackgroundColor\":\"d1d5dbff\",\"itemTextColor\":\"89bdeeff\"}},\"lightMode\":{\"defaults\":{\"itemBackgroundColor\":\"ffffffff\"},\"hover\":{\"itemBackgroundColor\":\"f4f4f4ff\",\"itemBorderColor\":\"7d8998ff\",\"itemTextColor\":\"000716ff\"},\"match\":{\"itemBackgroundColor\":\"414d5cff\",\"itemTextColor\":\"0972d3ff\"}}},\"focusState\":{\"darkMode\":{\"borderColor\":\"539fe5ff\"},\"lightMode\":{\"borderColor\":\"0972d3ff\"}},\"idpButtons\":{\"icons\":{\"enabled\":true}},\"input\":{\"borderRadius\":8,\"darkMode\":{\"defaults\":{\"backgroundColor\":\"0f1b2aff\",\"borderColor\":\"5f6b7aff\"},\"placeholderColor\":\"8d99a8ff\"},\"lightMode\":{\"defaults\":{\"backgroundColor\":\"ffffffff\",\"borderColor\":\"7d8998ff\"},\"placeholderColor\":\"5f6b7aff\"}},\"inputDescription\":{\"darkMode\":{\"textColor\":\"8d99a8ff\"},\"lightMode\":{\"textColor\":\"5f6b7aff\"}},\"inputLabel\":{\"darkMode\":{\"textColor\":\"d1d5dbff\"},\"lightMode\":{\"textColor\":\"000716ff\"}},\"link\":{\"darkMode\":{\"defaults\":{\"textColor\":\"539fe5ff\"},\"hover\":{\"textColor\":\"89bdeeff\"}},\"lightMode\":{\"defaults\":{\"textColor\":\"0972d3ff\"},\"hover\":{\"textColor\":\"033160ff\"}}},\"optionControls\":{\"darkMode\":{\"defaults\":{\"backgroundColor\":\"0f1b2aff\",\"borderColor\":\"7d8998ff\"},\"selected\":{\"backgroundColor\":\"539fe5ff\",\"foregroundColor\":\"000716ff\"}},\"lightMode\":{\"defaults\":{\"backgroundColor\":\"ffffffff\",\"borderColor\":\"7d8998ff\"},\"selected\":{\"backgroundColor\":\"0972d3ff\",\"foregroundColor\":\"ffffffff\"}}},\"statusIndicator\":{\"darkMode\":{\"error\":{\"backgroundColor\":\"1a0000ff\",\"borderColor\":\"eb6f6fff\",\"indicatorColor\":\"eb6f6fff\"},\"pending\":{\"indicatorColor\":\"AAAAAAAA\"},\"success\":{\"backgroundColor\":\"001a02ff\",\"borderColor\":\"29ad32ff\",\"indicatorColor\":\"29ad32ff\"},\"warning\":{\"backgroundColor\":\"1d1906ff\",\"borderColor\":\"e0ca57ff\",\"indicatorColor\":\"e0ca57ff\"}},\"lightMode\":{\"error\":{\"backgroundColor\":\"fff7f7ff\",\"borderColor\":\"d91515ff\",\"indicatorColor\":\"d91515ff\"},\"pending\":{\"indicatorColor\":\"AAAAAAAA\"},\"success\":{\"backgroundColor\":\"f2fcf3ff\",\"borderColor\":\"037f0cff\",\"indicatorColor\":\"037f0cff\"},\"warning\":{\"backgroundColor\":\"fffce9ff\",\"borderColor\":\"8d6605ff\",\"indicatorColor\":\"8d6605ff\"}}}},\"components\":{\"alert\":{\"borderRadius\":12,\"darkMode\":{\"error\":{\"backgroundColor\":\"1a0000ff\",\"borderColor\":\"eb6f6fff\"}},\"lightMode\":{\"error\":{\"backgroundColor\":\"fff7f7ff\",\"borderColor\":\"d91515ff\"}}},\"favicon\":{\"enabledTypes\":[\"ICO\",\"SVG\"]},\"form\":{\"backgroundImage\":{\"enabled\":false},\"borderRadius\":8,\"darkMode\":{\"backgroundColor\":\"0f1b2aff\",\"borderColor\":\"424650ff\"},\"lightMode\":{\"backgroundColor\":\"ffffffff\",\"borderColor\":\"c6c6cdff\"},\"logo\":{\"enabled\":false,\"formInclusion\":\"IN\",\"location\":\"CENTER\",\"position\":\"TOP\"}},\"idpButton\":{\"custom\":{},\"standard\":{\"darkMode\":{\"active\":{\"backgroundColor\":\"354150ff\",\"borderColor\":\"89bdeeff\",\"textColor\":\"89bdeeff\"},\"defaults\":{\"backgroundColor\":\"0f1b2aff\",\"borderColor\":\"c6c6cdff\",\"textColor\":\"c6c6cdff\"},\"hover\":{\"backgroundColor\":\"192534ff\",\"borderColor\":\"89bdeeff\",\"textColor\":\"89bdeeff\"}},\"lightMode\":{\"active\":{\"backgroundColor\":\"d3e7f9ff\",\"borderColor\":\"033160ff\",\"textColor\":\"033160ff\"},\"defaults\":{\"backgroundColor\":\"ffffffff\",\"borderColor\":\"424650ff\",\"textColor\":\"424650ff\"},\"hover\":{\"backgroundColor\":\"f2f8fdff\",\"borderColor\":\"033160ff\",\"textColor\":\"033160ff\"}}}},\"pageBackground\":{\"darkMode\":{\"color\":\"0f1b2aff\"},\"image\":{\"enabled\":true},\"lightMode\":{\"color\":\"ffffffff\"}},\"pageFooter\":{\"backgroundImage\":{\"enabled\":false},\"darkMode\":{\"background\":{\"color\":\"0f141aff\"},\"borderColor\":\"424650ff\"},\"lightMode\":{\"background\":{\"color\":\"fafafaff\"},\"borderColor\":\"d5dbdbff\"},\"logo\":{\"enabled\":false,\"location\":\"START\"}},\"pageHeader\":{\"backgroundImage\":{\"enabled\":false},\"darkMode\":{\"background\":{\"color\":\"0f141aff\"},\"borderColor\":\"424650ff\"},\"lightMode\":{\"background\":{\"color\":\"fafafaff\"},\"borderColor\":\"d5dbdbff\"},\"logo\":{\"enabled\":false,\"location\":\"START\"}},\"pageText\":{\"darkMode\":{\"bodyColor\":\"b6bec9ff\",\"descriptionColor\":\"b6bec9ff\",\"headingColor\":\"d1d5dbff\"},\"lightMode\":{\"bodyColor\":\"414d5cff\",\"descriptionColor\":\"414d5cff\",\"headingColor\":\"000716ff\"}},\"phoneNumberSelector\":{\"displayType\":\"TEXT\"},\"primaryButton\":{\"darkMode\":{\"active\":{\"backgroundColor\":\"539fe5ff\",\"textColor\":\"000716ff\"},\"defaults\":{\"backgroundColor\":\"539fe5ff\",\"textColor\":\"000716ff\"},\"disabled\":{\"backgroundColor\":\"ffffffff\",\"borderColor\":\"ffffffff\"},\"hover\":{\"backgroundColor\":\"89bdeeff\",\"textColor\":\"000716ff\"}},\"lightMode\":{\"active\":{\"backgroundColor\":\"033160ff\",\"textColor\":\"ffffffff\"},\"defaults\":{\"backgroundColor\":\"0972d3ff\",\"textColor\":\"ffffffff\"},\"disabled\":{\"backgroundColor\":\"ffffffff\",\"borderColor\":\"ffffffff\"},\"hover\":{\"backgroundColor\":\"033160ff\",\"textColor\":\"ffffffff\"}}},\"secondaryButton\":{\"darkMode\":{\"active\":{\"backgroundColor\":\"354150ff\",\"borderColor\":\"89bdeeff\",\"textColor\":\"89bdeeff\"},\"defaults\":{\"backgroundColor\":\"0f1b2aff\",\"borderColor\":\"539fe5ff\",\"textColor\":\"539fe5ff\"},\"hover\":{\"backgroundColor\":\"192534ff\",\"borderColor\":\"89bdeeff\",\"textColor\":\"89bdeeff\"}},\"lightMode\":{\"active\":{\"backgroundColor\":\"d3e7f9ff\",\"borderColor\":\"033160ff\",\"textColor\":\"033160ff\"},\"defaults\":{\"backgroundColor\":\"ffffffff\",\"borderColor\":\"0972d3ff\",\"textColor\":\"0972d3ff\"},\"hover\":{\"backgroundColor\":\"f2f8fdff\",\"borderColor\":\"033160ff\",\"textColor\":\"033160ff\"}}}}}",
            "use_cognito_provided_values": true,
            "user_pool_id": "us-east-1_6Z26bMGxv"
          },
          "sensitive_attributes": [],
          "identity_schema_version": 0,
          "dependencies": [
            "data.aws_caller_identity.current",
            "module.cognito.aws_cognito_user_pool.main",
            "module.cognito.aws_cognito_user_pool_client.native",
            "module.cognito.aws_cognito_user_pool_domain.main",
            "module.cognito.random_string.domain_suffix"
          ]
        }
      ]
    },
    {
      "module": "module.cognito",
      "mode": "managed",
      "type": "aws_cognito_user_group",
      "name": "admin",
      "provider": "provider[\"registry.terraform.io/hashicorp/aws\"]",
      "instances": [
        {
          "schema_version": 0,
          "attributes": {
            "description": "Administrator group with full access",
            "id": "us-east-1_6Z26bMGxv/admin",
            "name": "admin",
            "precedence": 1,
            "region": "us-east-1",
            "role_arn": "",
            "user_pool_id": "us-east-1_6Z26bMGxv"
          },
          "sensitive_attributes": [],
          "identity_schema_version": 0,
          "private": "bnVsbA==",
          "dependencies": [
            "data.aws_caller_identity.current",
            "module.cognito.aws_cognito_user_pool.main"
          ]
        }
      ]
    },
    {
      "module": "module.cognito",
      "mode": "managed",
      "type": "aws_cognito_user_group",
      "name": "tenant_admin",
      "provider": "provider[\"registry.terraform.io/hashicorp/aws\"]",
      "instances": [
        {
          "schema_version": 0,
          "attributes": {
            "description": "Tenant administrator group",
            "id": "us-east-1_6Z26bMGxv/tenant-admin",
            "name": "tenant-admin",
            "precedence": 2,
            "region": "us-east-1",
            "role_arn": "",
            "user_pool_id": "us-east-1_6Z26bMGxv"
          },
          "sensitive_attributes": [],
          "identity_schema_version": 0,
          "private": "bnVsbA==",
          "dependencies": [
            "data.aws_caller_identity.current",
            "module.cognito.aws_cognito_user_pool.main"
          ]
        }
      ]
    },
    {
      "module": "module.cognito",
      "mode": "managed",
      "type": "aws_cognito_user_group",
      "name": "user",
      "provider": "provider[\"registry.terraform.io/hashicorp/aws\"]",
      "instances": [
        {
          "schema_version": 0,
          "attributes": {
            "description": "Standard user group",
            "id": "us-east-1_6Z26bMGxv/user",
            "name": "user",
            "precedence": 3,
            "region": "us-east-1",
            "role_arn": "",
            "user_pool_id": "us-east-1_6Z26bMGxv"
          },
          "sensitive_attributes": [],
          "identity_schema_version": 0,
          "private": "bnVsbA==",
          "dependencies": [
            "data.aws_caller_identity.current",
            "module.cognito.aws_cognito_user_pool.main"
          ]
        }
      ]
    },
    {
      "module": "module.cognito",
      "mode": "managed",
      "type": "aws_cognito_user_pool",
      "name": "main",
      "provider": "provider[\"registry.terraform.io/hashicorp/aws\"]",
      "instances": [
        {
          "schema_version": 0,
          "attributes": {
            "account_recovery_setting": [
              {
                "recovery_mechanism": [
                  {
                    "name": "verified_email",
                    "priority": 1
                  }
                ]
              }
            ],
            "admin_create_user_config": [
              {
                "allow_admin_create_user_only": false,
                "invite_message_template": []
              }
            ],
            "alias_attributes": null,
            "arn": "arn:aws:cognito-idp:us-east-1:045084720221:userpool/us-east-1_6Z26bMGxv",
            "auto_verified_attributes": [
              "email"
            ],
            "creation_date": "2026-03-29T11:26:41Z",
            "custom_domain": "",
            "deletion_protection": "INACTIVE",
            "device_configuration": [
              {
                "challenge_required_on_new_device": true,
                "device_only_remembered_on_user_prompt": true
              }
            ],
            "domain": "",
            "email_configuration": [
              {
                "configuration_set": "",
                "email_sending_account": "COGNITO_DEFAULT",
                "from_email_address": "",
                "reply_to_email_address": "",
                "source_arn": ""
              }
            ],
            "email_mfa_configuration": [],
            "email_verification_message": "Your verification code is {####}",
            "email_verification_subject": "Your gstbuddies verification code",
            "endpoint": "cognito-idp.us-east-1.amazonaws.com/us-east-1_6Z26bMGxv",
            "estimated_number_of_users": 0,
            "id": "us-east-1_6Z26bMGxv",
            "lambda_config": [],
            "last_modified_date": "2026-03-29T11:26:41Z",
            "mfa_configuration": "OPTIONAL",
            "name": "gstbuddies-dev-user-pool",
            "password_policy": [
              {
                "minimum_length": 8,
                "password_history_size": 0,
                "require_lowercase": true,
                "require_numbers": true,
                "require_symbols": true,
                "require_uppercase": true,
                "temporary_password_validity_days": 7
              }
            ],
            "region": "us-east-1",
            "schema": [
              {
                "attribute_data_type": "String",
                "developer_only_attribute": null,
                "mutable": true,
                "name": "role",
                "number_attribute_constraints": [],
                "required": false,
                "string_attribute_constraints": [
                  {
                    "max_length": "50",
                    "min_length": "1"
                  }
                ]
              },
              {
                "attribute_data_type": "String",
                "developer_only_attribute": null,
                "mutable": true,
                "name": "samlGroups",
                "number_attribute_constraints": [],
                "required": false,
                "string_attribute_constraints": [
                  {
                    "max_length": "2048",
                    "min_length": "0"
                  }
                ]
              },
              {
                "attribute_data_type": "String",
                "developer_only_attribute": null,
                "mutable": true,
                "name": "tenantId",
                "number_attribute_constraints": [],
                "required": false,
                "string_attribute_constraints": [
                  {
                    "max_length": "256",
                    "min_length": "1"
                  }
                ]
              },
              {
                "attribute_data_type": "String",
                "developer_only_attribute": null,
                "mutable": true,
                "name": "tenantType",
                "number_attribute_constraints": [],
                "required": false,
                "string_attribute_constraints": [
                  {
                    "max_length": "20",
                    "min_length": "1"
                  }
                ]
              }
            ],
            "sign_in_policy": [
              {
                "allowed_first_auth_factors": [
                  "PASSWORD"
                ]
              }
            ],
            "sms_authentication_message": "",
            "sms_configuration": [],
            "sms_verification_message": "",
            "software_token_mfa_configuration": [
              {
                "enabled": true
              }
            ],
            "tags": {
              "Environment": "dev",
              "ManagedBy": "Terraform",
              "Name": "gstbuddies-dev-user-pool",
              "Project": "gstbuddies"
            },
            "tags_all": {
              "CostCenter": "Development",
              "Environment": "dev",
              "ManagedBy": "Terraform",
              "Name": "gstbuddies-dev-user-pool",
              "Project": "gstbuddies"
            },
            "user_attribute_update_settings": [],
            "user_pool_add_ons": [],
            "user_pool_tier": "ESSENTIALS",
            "username_attributes": [
              "email"
            ],
            "username_configuration": [
              {
                "case_sensitive": false
              }
            ],
            "verification_message_template": [
              {
                "default_email_option": "CONFIRM_WITH_CODE",
                "email_message": "Your verification code is {####}",
                "email_message_by_link": "",
                "email_subject": "Your gstbuddies verification code",
                "email_subject_by_link": "",
                "sms_message": ""
              }
            ],
            "web_authn_configuration": []
          },
          "sensitive_attributes": [],
          "identity_schema_version": 0,
          "private": "bnVsbA==",
          "dependencies": [
            "data.aws_caller_identity.current"
          ]
        }
      ]
    },
    {
      "module": "module.cognito",
      "mode": "managed",
      "type": "aws_cognito_user_pool_client",
      "name": "native",
      "provider": "provider[\"registry.terraform.io/hashicorp/aws\"]",
      "instances": [
        {
          "schema_version": 0,
          "attributes": {
            "access_token_validity": 60,
            "allowed_oauth_flows": [
              "code"
            ],
            "allowed_oauth_flows_user_pool_client": true,
            "allowed_oauth_scopes": [
              "aws.cognito.signin.user.admin",
              "email",
              "openid",
              "phone",
              "profile"
            ],
            "analytics_configuration": [],
            "auth_session_validity": 3,
            "callback_urls": [
              "http://localhost:4200",
              "http://localhost:8080/login/oauth2/code/cognito"
            ],
            "client_secret": "1ld47duk9o6jbqvfeemh2hm1b6lptjt11gv2st8gl88mm9d60hoe",
            "default_redirect_uri": "",
            "enable_propagate_additional_user_context_data": false,
            "enable_token_revocation": true,
            "explicit_auth_flows": [
              "ALLOW_ADMIN_USER_PASSWORD_AUTH",
              "ALLOW_CUSTOM_AUTH",
              "ALLOW_REFRESH_TOKEN_AUTH",
              "ALLOW_USER_SRP_AUTH"
            ],
            "generate_secret": true,
            "id": "244re9js2io9aruoc1m62pqdjf",
            "id_token_validity": 60,
            "logout_urls": [
              "http://localhost:4200",
              "http://localhost:8080"
            ],
            "name": "gstbuddies-dev-native-client",
            "prevent_user_existence_errors": "ENABLED",
            "read_attributes": [
              "custom:role",
              "custom:tenantId",
              "custom:tenantType",
              "email",
              "email_verified",
              "name"
            ],
            "refresh_token_rotation": [],
            "refresh_token_validity": 30,
            "region": "us-east-1",
            "supported_identity_providers": [
              "COGNITO"
            ],
            "token_validity_units": [
              {
                "access_token": "minutes",
                "id_token": "minutes",
                "refresh_token": "days"
              }
            ],
            "user_pool_id": "us-east-1_6Z26bMGxv",
            "write_attributes": [
              "custom:role",
              "custom:tenantId",
              "custom:tenantType",
              "email",
              "name"
            ]
          },
          "sensitive_attributes": [
            [
              {
                "type": "get_attr",
                "value": "client_secret"
              }
            ]
          ],
          "identity_schema_version": 0,
          "dependencies": [
            "data.aws_caller_identity.current",
            "module.cognito.aws_cognito_user_pool.main"
          ]
        }
      ]
    },
    {
      "module": "module.cognito",
      "mode": "managed",
      "type": "aws_cognito_user_pool_client",
      "name": "spa",
      "provider": "provider[\"registry.terraform.io/hashicorp/aws\"]",
      "instances": [
        {
          "schema_version": 0,
          "attributes": {
            "access_token_validity": 60,
            "allowed_oauth_flows": [
              "code"
            ],
            "allowed_oauth_flows_user_pool_client": true,
            "allowed_oauth_scopes": [
              "email",
              "openid",
              "profile"
            ],
            "analytics_configuration": [],
            "auth_session_validity": 3,
            "callback_urls": [
              "http://localhost:4200",
              "http://localhost:8080/login/oauth2/code/cognito"
            ],
            "client_secret": "",
            "default_redirect_uri": "",
            "enable_propagate_additional_user_context_data": false,
            "enable_token_revocation": true,
            "explicit_auth_flows": [
              "ALLOW_REFRESH_TOKEN_AUTH",
              "ALLOW_USER_PASSWORD_AUTH",
              "ALLOW_USER_SRP_AUTH"
            ],
            "generate_secret": false,
            "id": "453k4rhu7j7v8g653n1kt7g6np",
            "id_token_validity": 60,
            "logout_urls": [
              "http://localhost:4200",
              "http://localhost:8080"
            ],
            "name": "gstbuddies-dev-spa-client",
            "prevent_user_existence_errors": "ENABLED",
            "read_attributes": [
              "custom:role",
              "custom:samlGroups",
              "custom:tenantId",
              "custom:tenantType",
              "email",
              "email_verified",
              "name"
            ],
            "refresh_token_rotation": [],
            "refresh_token_validity": 30,
            "region": "us-east-1",
            "supported_identity_providers": [
              "COGNITO"
            ],
            "token_validity_units": [
              {
                "access_token": "minutes",
                "id_token": "minutes",
                "refresh_token": "days"
              }
            ],
            "user_pool_id": "us-east-1_6Z26bMGxv",
            "write_attributes": [
              "custom:samlGroups",
              "email",
              "name"
            ]
          },
          "sensitive_attributes": [
            [
              {
                "type": "get_attr",
                "value": "client_secret"
              }
            ]
          ],
          "identity_schema_version": 0,
          "dependencies": [
            "data.aws_caller_identity.current",
            "data.aws_ssm_parameter.google_client_id",
            "data.aws_ssm_parameter.google_client_secret",
            "module.cognito.aws_cognito_identity_provider.google",
            "module.cognito.aws_cognito_user_pool.main"
          ]
        }
      ]
    },
    {
      "module": "module.cognito",
      "mode": "managed",
      "type": "aws_cognito_user_pool_domain",
      "name": "main",
      "provider": "provider[\"registry.terraform.io/hashicorp/aws\"]",
      "instances": [
        {
          "schema_version": 0,
          "attributes": {
            "aws_account_id": "045084720221",
            "certificate_arn": "",
            "cloudfront_distribution": "d3oia8etllorh5.cloudfront.net",
            "cloudfront_distribution_arn": "d3oia8etllorh5.cloudfront.net",
            "cloudfront_distribution_zone_id": "Z2FDTNDATAQYW2",
            "domain": "gstbuddies-dev-ifgcoqsh",
            "id": "gstbuddies-dev-ifgcoqsh",
            "managed_login_version": 2,
            "region": "us-east-1",
            "s3_bucket": "aws-cognito-prod-iad-assets",
            "user_pool_id": "us-east-1_6Z26bMGxv",
            "version": "20260329112643"
          },
          "sensitive_attributes": [],
          "identity_schema_version": 0,
          "private": "bnVsbA==",
          "dependencies": [
            "data.aws_caller_identity.current",
            "module.cognito.aws_cognito_user_pool.main",
            "module.cognito.random_string.domain_suffix"
          ]
        }
      ]
    },
    {
      "module": "module.cognito",
      "mode": "managed",
      "type": "random_string",
      "name": "domain_suffix",
      "provider": "provider[\"registry.terraform.io/hashicorp/random\"]",
      "instances": [
        {
          "schema_version": 2,
          "attributes": {
            "id": "ifgcoqsh",
            "keepers": null,
            "length": 8,
            "lower": true,
            "min_lower": 0,
            "min_numeric": 0,
            "min_special": 0,
            "min_upper": 0,
            "number": true,
            "numeric": true,
            "override_special": null,
            "result": "ifgcoqsh",
            "special": false,
            "upper": false
          },
          "sensitive_attributes": [],
          "identity_schema_version": 0
        }
      ]
    },
    {
      "module": "module.lambda_post_confirmation",
      "mode": "data",
      "type": "archive_file",
      "name": "lambda_zip",
      "provider": "provider[\"registry.terraform.io/hashicorp/archive\"]",
      "instances": [
        {
          "schema_version": 0,
          "attributes": {
            "exclude_symlink_directories": null,
            "excludes": [
              "README.md",
              "__pycache__",
              "requirements-test.txt",
              "test_handler.py"
            ],
            "id": "1c7be01824ad21081a1c55f31e00fcbc127c8db3",
            "output_base64sha256": "WC3LijKxiU7t6LbdrGERe4HXmW0oBdPV05pjr6JfP/Y=",
            "output_base64sha512": "EmOLob8cfxz08qaoFzJduDbDgU6f7TIYt2w9L96zA9nW0828R7OhQY+J8+ttRaHRlSlJViunKdejONyRgJkZqA==",
            "output_file_mode": null,
            "output_md5": "9bb1e0624a7c1501269b2680b3efd4bf",
            "output_path": "modules/cognito-post-confirmation/lambda_function.zip",
            "output_sha": "1c7be01824ad21081a1c55f31e00fcbc127c8db3",
            "output_sha256": "582dcb8a32b1894eede8b6ddac61117b81d7996d2805d3d5d39a63afa25f3ff6",
            "output_sha512": "12638ba1bf1c7f1cf4f2a6a817325db836c3814e9fed3218b76c3d2fdeb303d9d6d3cdbc47b3a1418f89f3eb6d45a1d1952949562ba729d7a338dc91809919a8",
            "output_size": 1596,
            "source": [],
            "source_content": null,
            "source_content_filename": null,
            "source_dir": "./lambdas/cognito-post-confirmation",
            "source_file": null,
            "type": "zip"
          },
          "sensitive_attributes": [],
          "identity_schema_version": 0
        }
      ]
    },
    {
      "module": "module.lambda_post_confirmation",
      "mode": "managed",
      "type": "aws_cloudwatch_log_group",
      "name": "lambda_logs",
      "provider": "provider[\"registry.terraform.io/hashicorp/aws\"]",
      "instances": [
        {
          "schema_version": 0,
          "attributes": {
            "arn": "arn:aws:logs:us-east-1:045084720221:log-group:/aws/lambda/gstbuddies-dev-cognito-post-confirmation",
            "deletion_protection_enabled": false,
            "id": "/aws/lambda/gstbuddies-dev-cognito-post-confirmation",
            "kms_key_id": "",
            "log_group_class": "STANDARD",
            "name": "/aws/lambda/gstbuddies-dev-cognito-post-confirmation",
            "name_prefix": "",
            "region": "us-east-1",
            "retention_in_days": 14,
            "skip_destroy": false,
            "tags": {
              "Environment": "dev",
              "Name": "Lambda PostConfirmation Logs"
            },
            "tags_all": {
              "CostCenter": "Development",
              "Environment": "dev",
              "ManagedBy": "Terraform",
              "Name": "Lambda PostConfirmation Logs",
              "Project": "gstbuddies"
            }
          },
          "sensitive_attributes": [],
          "identity_schema_version": 0,
          "identity": {
            "account_id": "045084720221",
            "name": "/aws/lambda/gstbuddies-dev-cognito-post-confirmation",
            "region": "us-east-1"
          },
          "private": "bnVsbA==",
          "dependencies": [
            "data.aws_caller_identity.current",
            "module.cognito.aws_cognito_user_pool.main",
            "module.lambda_post_confirmation.aws_iam_role.lambda_exec",
            "module.lambda_post_confirmation.aws_lambda_function.post_confirmation",
            "module.lambda_post_confirmation.data.archive_file.lambda_zip"
          ]
        }
      ]
    },
    {
      "module": "module.lambda_post_confirmation",
      "mode": "managed",
      "type": "aws_iam_role",
      "name": "lambda_exec",
      "provider": "provider[\"registry.terraform.io/hashicorp/aws\"]",
      "instances": [
        {
          "schema_version": 0,
          "attributes": {
            "arn": "arn:aws:iam::045084720221:role/gstbuddies-dev-lambda-cognito-post-confirm-role",
            "assume_role_policy": "{\"Statement\":[{\"Action\":\"sts:AssumeRole\",\"Effect\":\"Allow\",\"Principal\":{\"Service\":\"lambda.amazonaws.com\"}}],\"Version\":\"2012-10-17\"}",
            "create_date": "2026-03-29T11:26:40Z",
            "description": "",
            "force_detach_policies": false,
            "id": "gstbuddies-dev-lambda-cognito-post-confirm-role",
            "inline_policy": [],
            "managed_policy_arns": [],
            "max_session_duration": 3600,
            "name": "gstbuddies-dev-lambda-cognito-post-confirm-role",
            "name_prefix": "",
            "path": "/",
            "permissions_boundary": "",
            "tags": {
              "Environment": "dev",
              "Name": "Lambda Cognito PostConfirmation Role"
            },
            "tags_all": {
              "CostCenter": "Development",
              "Environment": "dev",
              "ManagedBy": "Terraform",
              "Name": "Lambda Cognito PostConfirmation Role",
              "Project": "gstbuddies"
            },
            "unique_id": "AROAQU72CHROQBWVY5LJW"
          },
          "sensitive_attributes": [],
          "identity_schema_version": 0,
          "identity": {
            "account_id": "045084720221",
            "name": "gstbuddies-dev-lambda-cognito-post-confirm-role"
          },
          "private": "bnVsbA=="
        }
      ]
    },
    {
      "module": "module.lambda_post_confirmation",
      "mode": "managed",
      "type": "aws_iam_role_policy",
      "name": "lambda_cognito_policy",
      "provider": "provider[\"registry.terraform.io/hashicorp/aws\"]",
      "instances": [
        {
          "schema_version": 0,
          "attributes": {
            "id": "gstbuddies-dev-lambda-cognito-post-confirm-role:gstbuddies-dev-lambda-cognito-policy",
            "name": "gstbuddies-dev-lambda-cognito-policy",
            "name_prefix": "",
            "policy": "{\"Version\":\"2012-10-17\",\"Statement\":[{\"Action\":[\"cognito-idp:AdminUpdateUserAttributes\",\"cognito-idp:AdminGetUser\"],\"Effect\":\"Allow\",\"Resource\":\"arn:aws:cognito-idp:us-east-1:045084720221:userpool/us-east-1_6Z26bMGxv\"},{\"Action\":[\"logs:CreateLogGroup\",\"logs:CreateLogStream\",\"logs:PutLogEvents\"],\"Effect\":\"Allow\",\"Resource\":\"arn:aws:logs:us-east-1:045084720221:*\"}]}",
            "role": "gstbuddies-dev-lambda-cognito-post-confirm-role"
          },
          "sensitive_attributes": [],
          "identity_schema_version": 0,
          "identity": {
            "account_id": "045084720221",
            "name": "gstbuddies-dev-lambda-cognito-policy",
            "role": "gstbuddies-dev-lambda-cognito-post-confirm-role"
          },
          "private": "bnVsbA==",
          "dependencies": [
            "data.aws_caller_identity.current",
            "module.cognito.aws_cognito_user_pool.main",
            "module.lambda_post_confirmation.aws_iam_role.lambda_exec"
          ]
        }
      ]
    },
    {
      "module": "module.lambda_post_confirmation",
      "mode": "managed",
      "type": "aws_lambda_function",
      "name": "post_confirmation",
      "provider": "provider[\"registry.terraform.io/hashicorp/aws\"]",
      "instances": [
        {
          "schema_version": 0,
          "attributes": {
            "architectures": [
              "x86_64"
            ],
            "arn": "arn:aws:lambda:us-east-1:045084720221:function:gstbuddies-dev-cognito-post-confirmation",
            "capacity_provider_config": [],
            "code_sha256": "WC3LijKxiU7t6LbdrGERe4HXmW0oBdPV05pjr6JfP/Y=",
            "code_signing_config_arn": "",
            "dead_letter_config": [],
            "description": "",
            "durable_config": [],
            "environment": [
              {
                "variables": {
                  "ENVIRONMENT": "dev",
                  "USER_POOL_ID": "us-east-1_6Z26bMGxv"
                }
              }
            ],
            "ephemeral_storage": [
              {
                "size": 512
              }
            ],
            "file_system_config": [],
            "filename": "modules/cognito-post-confirmation/lambda_function.zip",
            "function_name": "gstbuddies-dev-cognito-post-confirmation",
            "handler": "index.lambda_handler",
            "id": "gstbuddies-dev-cognito-post-confirmation",
            "image_config": [],
            "image_uri": "",
            "invoke_arn": "arn:aws:apigateway:us-east-1:lambda:path/2015-03-31/functions/arn:aws:lambda:us-east-1:045084720221:function:gstbuddies-dev-cognito-post-confirmation/invocations",
            "kms_key_arn": "",
            "last_modified": "2026-03-29T11:26:58.133+0000",
            "layers": null,
            "logging_config": [
              {
                "application_log_level": "",
                "log_format": "Text",
                "log_group": "/aws/lambda/gstbuddies-dev-cognito-post-confirmation",
                "system_log_level": ""
              }
            ],
            "memory_size": 128,
            "package_type": "Zip",
            "publish": false,
            "publish_to": null,
            "qualified_arn": "arn:aws:lambda:us-east-1:045084720221:function:gstbuddies-dev-cognito-post-confirmation:$LATEST",
            "qualified_invoke_arn": "arn:aws:apigateway:us-east-1:lambda:path/2015-03-31/functions/arn:aws:lambda:us-east-1:045084720221:function:gstbuddies-dev-cognito-post-confirmation:$LATEST/invocations",
            "region": "us-east-1",
            "replace_security_groups_on_destroy": null,
            "replacement_security_group_ids": null,
            "reserved_concurrent_executions": -1,
            "response_streaming_invoke_arn": "arn:aws:apigateway:us-east-1:lambda:path/2021-11-15/functions/arn:aws:lambda:us-east-1:045084720221:function:gstbuddies-dev-cognito-post-confirmation/response-streaming-invocations",
            "role": "arn:aws:iam::045084720221:role/gstbuddies-dev-lambda-cognito-post-confirm-role",
            "runtime": "python3.11",
            "s3_bucket": null,
            "s3_key": null,
            "s3_object_version": null,
            "signing_job_arn": "",
            "signing_profile_version_arn": "",
            "skip_destroy": false,
            "snap_start": [],
            "source_code_hash": "WC3LijKxiU7t6LbdrGERe4HXmW0oBdPV05pjr6JfP/Y=",
            "source_code_size": 1596,
            "source_kms_key_arn": "",
            "tags": {
              "Environment": "dev",
              "ManagedBy": "Terraform",
              "Name": "Cognito PostConfirmation Handler"
            },
            "tags_all": {
              "CostCenter": "Development",
              "Environment": "dev",
              "ManagedBy": "Terraform",
              "Name": "Cognito PostConfirmation Handler",
              "Project": "gstbuddies"
            },
            "tenancy_config": [],
            "timeout": 10,
            "timeouts": null,
            "tracing_config": [
              {
                "mode": "PassThrough"
              }
            ],
            "version": "$LATEST",
            "vpc_config": []
          },
          "sensitive_attributes": [],
          "identity_schema_version": 0,
          "identity": {
            "account_id": "045084720221",
            "function_name": "gstbuddies-dev-cognito-post-confirmation",
            "region": "us-east-1"
          },
          "private": "eyJlMmJmYjczMC1lY2FhLTExZTYtOGY4OC0zNDM2M2JjN2M0YzAiOnsiY3JlYXRlIjo2MDAwMDAwMDAwMDAsImRlbGV0ZSI6NjAwMDAwMDAwMDAwLCJ1cGRhdGUiOjYwMDAwMDAwMDAwMH19",
          "dependencies": [
            "data.aws_caller_identity.current",
            "module.cognito.aws_cognito_user_pool.main",
            "module.lambda_post_confirmation.aws_iam_role.lambda_exec",
            "module.lambda_post_confirmation.data.archive_file.lambda_zip"
          ]
        }
      ]
    },
    {
      "module": "module.lambda_post_confirmation",
      "mode": "managed",
      "type": "aws_lambda_permission",
      "name": "cognito_invoke",
      "provider": "provider[\"registry.terraform.io/hashicorp/aws\"]",
      "instances": [
        {
          "schema_version": 0,
          "attributes": {
            "action": "lambda:InvokeFunction",
            "event_source_token": null,
            "function_name": "gstbuddies-dev-cognito-post-confirmation",
            "function_url_auth_type": null,
            "id": "AllowCognitoInvoke",
            "invoked_via_function_url": null,
            "principal": "cognito-idp.amazonaws.com",
            "principal_org_id": null,
            "qualifier": "",
            "region": "us-east-1",
            "source_account": null,
            "source_arn": "arn:aws:cognito-idp:us-east-1:045084720221:userpool/us-east-1_6Z26bMGxv",
            "statement_id": "AllowCognitoInvoke",
            "statement_id_prefix": ""
          },
          "sensitive_attributes": [],
          "identity_schema_version": 0,
          "identity": {
            "account_id": "045084720221",
            "function_name": "gstbuddies-dev-cognito-post-confirmation",
            "qualifier": null,
            "region": "us-east-1",
            "statement_id": "AllowCognitoInvoke"
          },
          "private": "bnVsbA==",
          "dependencies": [
            "data.aws_caller_identity.current",
            "module.cognito.aws_cognito_user_pool.main",
            "module.lambda_post_confirmation.aws_iam_role.lambda_exec",
            "module.lambda_post_confirmation.aws_lambda_function.post_confirmation",
            "module.lambda_post_confirmation.data.archive_file.lambda_zip"
          ]
        }
      ]
    },
    {
      "module": "module.lambda_pre_token_generation",
      "mode": "data",
      "type": "archive_file",
      "name": "lambda_zip",
      "provider": "provider[\"registry.terraform.io/hashicorp/archive\"]",
      "instances": [
        {
          "schema_version": 0,
          "attributes": {
            "exclude_symlink_directories": null,
            "excludes": [
              "README.md",
              "__pycache__",
              "requirements-test.txt",
              "test_handler.py"
            ],
            "id": "f8e454172e94f1ae7779cd697ea45050468434ad",
            "output_base64sha256": "/PWMZVVRXm2q5J+v/OqjRfeJDXQMS8nCHtoRnQObuIA=",
            "output_base64sha512": "KmA97Yod2BvVAnLflFZqFRas9oR+PscaOwucE8JfPJjndr182N4cGMlNf0mQK70vMTYa2WFjMFpMoHuWo9eqCA==",
            "output_file_mode": null,
            "output_md5": "ad807427bc0128b128f7c9500c0bd730",
            "output_path": "modules/cognito-pre-token-generation/lambda_function.zip",
            "output_sha": "f8e454172e94f1ae7779cd697ea45050468434ad",
            "output_sha256": "fcf58c6555515e6daae49faffceaa345f7890d740c4bc9c21eda119d039bb880",
            "output_sha512": "2a603ded8a1dd81bd50272df94566a1516acf6847e3ec71a3b0b9c13c25f3c98e776bd7cd8de1c18c94d7f49902bbd2f31361ad96163305a4ca07b96a3d7aa08",
            "output_size": 991,
            "source": [],
            "source_content": null,
            "source_content_filename": null,
            "source_dir": "./lambdas/cognito-pre-token-generation",
            "source_file": null,
            "type": "zip"
          },
          "sensitive_attributes": [],
          "identity_schema_version": 0
        }
      ]
    },
    {
      "module": "module.lambda_pre_token_generation",
      "mode": "managed",
      "type": "aws_cloudwatch_log_group",
      "name": "lambda_logs",
      "provider": "provider[\"registry.terraform.io/hashicorp/aws\"]",
      "instances": [
        {
          "schema_version": 0,
          "attributes": {
            "arn": "arn:aws:logs:us-east-1:045084720221:log-group:/aws/lambda/gstbuddies-dev-cognito-pre-token-gen",
            "deletion_protection_enabled": false,
            "id": "/aws/lambda/gstbuddies-dev-cognito-pre-token-gen",
            "kms_key_id": "",
            "log_group_class": "STANDARD",
            "name": "/aws/lambda/gstbuddies-dev-cognito-pre-token-gen",
            "name_prefix": "",
            "region": "us-east-1",
            "retention_in_days": 14,
            "skip_destroy": false,
            "tags": {
              "Environment": "dev",
              "Name": "Lambda PreTokenGeneration Logs"
            },
            "tags_all": {
              "CostCenter": "Development",
              "Environment": "dev",
              "ManagedBy": "Terraform",
              "Name": "Lambda PreTokenGeneration Logs",
              "Project": "gstbuddies"
            }
          },
          "sensitive_attributes": [],
          "identity_schema_version": 0,
          "identity": {
            "account_id": "045084720221",
            "name": "/aws/lambda/gstbuddies-dev-cognito-pre-token-gen",
            "region": "us-east-1"
          },
          "private": "bnVsbA==",
          "dependencies": [
            "module.lambda_pre_token_generation.aws_iam_role.lambda_exec",
            "module.lambda_pre_token_generation.aws_lambda_function.pre_token_generation",
            "module.lambda_pre_token_generation.aws_security_group.lambda",
            "module.lambda_pre_token_generation.data.archive_file.lambda_zip"
          ]
        }
      ]
    },
    {
      "module": "module.lambda_pre_token_generation",
      "mode": "managed",
      "type": "aws_iam_role",
      "name": "lambda_exec",
      "provider": "provider[\"registry.terraform.io/hashicorp/aws\"]",
      "instances": [
        {
          "schema_version": 0,
          "attributes": {
            "arn": "arn:aws:iam::045084720221:role/gstbuddies-dev-lambda-pre-token-gen-role",
            "assume_role_policy": "{\"Statement\":[{\"Action\":\"sts:AssumeRole\",\"Effect\":\"Allow\",\"Principal\":{\"Service\":\"lambda.amazonaws.com\"}}],\"Version\":\"2012-10-17\"}",
            "create_date": "2026-03-29T11:26:40Z",
            "description": "",
            "force_detach_policies": false,
            "id": "gstbuddies-dev-lambda-pre-token-gen-role",
            "inline_policy": [],
            "managed_policy_arns": [],
            "max_session_duration": 3600,
            "name": "gstbuddies-dev-lambda-pre-token-gen-role",
            "name_prefix": "",
            "path": "/",
            "permissions_boundary": "",
            "tags": {
              "Environment": "dev",
              "Name": "Lambda Cognito PreTokenGeneration Role"
            },
            "tags_all": {
              "CostCenter": "Development",
              "Environment": "dev",
              "ManagedBy": "Terraform",
              "Name": "Lambda Cognito PreTokenGeneration Role",
              "Project": "gstbuddies"
            },
            "unique_id": "AROAQU72CHROT6LYYCQGE"
          },
          "sensitive_attributes": [],
          "identity_schema_version": 0,
          "identity": {
            "account_id": "045084720221",
            "name": "gstbuddies-dev-lambda-pre-token-gen-role"
          },
          "private": "bnVsbA=="
        }
      ]
    },
    {
      "module": "module.lambda_pre_token_generation",
      "mode": "managed",
      "type": "aws_iam_role_policy",
      "name": "lambda_policy",
      "provider": "provider[\"registry.terraform.io/hashicorp/aws\"]",
      "instances": [
        {
          "schema_version": 0,
          "attributes": {
            "id": "gstbuddies-dev-lambda-pre-token-gen-role:gstbuddies-dev-lambda-pre-token-gen-policy",
            "name": "gstbuddies-dev-lambda-pre-token-gen-policy",
            "name_prefix": "",
            "policy": "{\"Version\":\"2012-10-17\",\"Statement\":[{\"Action\":[\"logs:CreateLogGroup\",\"logs:CreateLogStream\",\"logs:PutLogEvents\"],\"Effect\":\"Allow\",\"Resource\":\"arn:aws:logs:us-east-1:045084720221:*\"}]}",
            "role": "gstbuddies-dev-lambda-pre-token-gen-role"
          },
          "sensitive_attributes": [],
          "identity_schema_version": 0,
          "identity": {
            "account_id": "045084720221",
            "name": "gstbuddies-dev-lambda-pre-token-gen-policy",
            "role": "gstbuddies-dev-lambda-pre-token-gen-role"
          },
          "private": "bnVsbA==",
          "dependencies": [
            "data.aws_caller_identity.current",
            "module.lambda_pre_token_generation.aws_iam_role.lambda_exec"
          ]
        }
      ]
    },
    {
      "module": "module.lambda_pre_token_generation",
      "mode": "managed",
      "type": "aws_lambda_function",
      "name": "pre_token_generation",
      "provider": "provider[\"registry.terraform.io/hashicorp/aws\"]",
      "instances": [
        {
          "schema_version": 0,
          "attributes": {
            "architectures": [
              "x86_64"
            ],
            "arn": "arn:aws:lambda:us-east-1:045084720221:function:gstbuddies-dev-cognito-pre-token-gen",
            "capacity_provider_config": [],
            "code_sha256": "/PWMZVVRXm2q5J+v/OqjRfeJDXQMS8nCHtoRnQObuIA=",
            "code_signing_config_arn": "",
            "dead_letter_config": [],
            "description": "",
            "durable_config": [],
            "environment": [
              {
                "variables": {
                  "ENVIRONMENT": "dev"
                }
              }
            ],
            "ephemeral_storage": [
              {
                "size": 512
              }
            ],
            "file_system_config": [],
            "filename": "modules/cognito-pre-token-generation/lambda_function.zip",
            "function_name": "gstbuddies-dev-cognito-pre-token-gen",
            "handler": "handler.lambda_handler",
            "id": "gstbuddies-dev-cognito-pre-token-gen",
            "image_config": [],
            "image_uri": "",
            "invoke_arn": "arn:aws:apigateway:us-east-1:lambda:path/2015-03-31/functions/arn:aws:lambda:us-east-1:045084720221:function:gstbuddies-dev-cognito-pre-token-gen/invocations",
            "kms_key_arn": "",
            "last_modified": "2026-03-29T11:26:50.932+0000",
            "layers": null,
            "logging_config": [
              {
                "application_log_level": "",
                "log_format": "Text",
                "log_group": "/aws/lambda/gstbuddies-dev-cognito-pre-token-gen",
                "system_log_level": ""
              }
            ],
            "memory_size": 128,
            "package_type": "Zip",
            "publish": false,
            "publish_to": null,
            "qualified_arn": "arn:aws:lambda:us-east-1:045084720221:function:gstbuddies-dev-cognito-pre-token-gen:$LATEST",
            "qualified_invoke_arn": "arn:aws:apigateway:us-east-1:lambda:path/2015-03-31/functions/arn:aws:lambda:us-east-1:045084720221:function:gstbuddies-dev-cognito-pre-token-gen:$LATEST/invocations",
            "region": "us-east-1",
            "replace_security_groups_on_destroy": null,
            "replacement_security_group_ids": null,
            "reserved_concurrent_executions": -1,
            "response_streaming_invoke_arn": "arn:aws:apigateway:us-east-1:lambda:path/2021-11-15/functions/arn:aws:lambda:us-east-1:045084720221:function:gstbuddies-dev-cognito-pre-token-gen/response-streaming-invocations",
            "role": "arn:aws:iam::045084720221:role/gstbuddies-dev-lambda-pre-token-gen-role",
            "runtime": "python3.11",
            "s3_bucket": null,
            "s3_key": null,
            "s3_object_version": null,
            "signing_job_arn": "",
            "signing_profile_version_arn": "",
            "skip_destroy": false,
            "snap_start": [],
            "source_code_hash": "/PWMZVVRXm2q5J+v/OqjRfeJDXQMS8nCHtoRnQObuIA=",
            "source_code_size": 991,
            "source_kms_key_arn": "",
            "tags": {
              "Environment": "dev",
              "ManagedBy": "Terraform",
              "Name": "Cognito PreTokenGeneration Handler",
              "Purpose": "Multi-tenant login: inject selected tenantId and IdP groups into JWT"
            },
            "tags_all": {
              "CostCenter": "Development",
              "Environment": "dev",
              "ManagedBy": "Terraform",
              "Name": "Cognito PreTokenGeneration Handler",
              "Project": "gstbuddies",
              "Purpose": "Multi-tenant login: inject selected tenantId and IdP groups into JWT"
            },
            "tenancy_config": [],
            "timeout": 10,
            "timeouts": null,
            "tracing_config": [
              {
                "mode": "PassThrough"
              }
            ],
            "version": "$LATEST",
            "vpc_config": []
          },
          "sensitive_attributes": [],
          "identity_schema_version": 0,
          "identity": {
            "account_id": "045084720221",
            "function_name": "gstbuddies-dev-cognito-pre-token-gen",
            "region": "us-east-1"
          },
          "private": "eyJlMmJmYjczMC1lY2FhLTExZTYtOGY4OC0zNDM2M2JjN2M0YzAiOnsiY3JlYXRlIjo2MDAwMDAwMDAwMDAsImRlbGV0ZSI6NjAwMDAwMDAwMDAwLCJ1cGRhdGUiOjYwMDAwMDAwMDAwMH19",
          "dependencies": [
            "module.lambda_pre_token_generation.aws_iam_role.lambda_exec",
            "module.lambda_pre_token_generation.aws_security_group.lambda",
            "module.lambda_pre_token_generation.data.archive_file.lambda_zip"
          ]
        }
      ]
    },
    {
      "module": "module.lambda_pre_token_generation",
      "mode": "managed",
      "type": "aws_lambda_permission",
      "name": "cognito_invoke",
      "provider": "provider[\"registry.terraform.io/hashicorp/aws\"]",
      "instances": [
        {
          "schema_version": 0,
          "attributes": {
            "action": "lambda:InvokeFunction",
            "event_source_token": null,
            "function_name": "gstbuddies-dev-cognito-pre-token-gen",
            "function_url_auth_type": null,
            "id": "AllowCognitoInvoke",
            "invoked_via_function_url": null,
            "principal": "cognito-idp.amazonaws.com",
            "principal_org_id": null,
            "qualifier": "",
            "region": "us-east-1",
            "source_account": null,
            "source_arn": "arn:aws:cognito-idp:us-east-1:045084720221:userpool/us-east-1_6Z26bMGxv",
            "statement_id": "AllowCognitoInvoke",
            "statement_id_prefix": ""
          },
          "sensitive_attributes": [],
          "identity_schema_version": 0,
          "identity": {
            "account_id": "045084720221",
            "function_name": "gstbuddies-dev-cognito-pre-token-gen",
            "qualifier": null,
            "region": "us-east-1",
            "statement_id": "AllowCognitoInvoke"
          },
          "private": "bnVsbA==",
          "dependencies": [
            "data.aws_caller_identity.current",
            "module.cognito.aws_cognito_user_pool.main",
            "module.lambda_pre_token_generation.aws_iam_role.lambda_exec",
            "module.lambda_pre_token_generation.aws_lambda_function.pre_token_generation",
            "module.lambda_pre_token_generation.aws_security_group.lambda",
            "module.lambda_pre_token_generation.data.archive_file.lambda_zip"
          ]
        }
      ]
    },
    {
      "module": "module.ssm_parameters",
      "mode": "managed",
      "type": "aws_ssm_parameter",
      "name": "aws_region",
      "provider": "provider[\"registry.terraform.io/hashicorp/aws\"]",
      "instances": [
        {
          "schema_version": 0,
          "attributes": {
            "allowed_pattern": "",
            "arn": "arn:aws:ssm:us-east-1:045084720221:parameter/gstbuddies/dev/aws/region",
            "data_type": "text",
            "description": "AWS Region for this deployment",
            "has_value_wo": false,
            "id": "/gstbuddies/dev/aws/region",
            "insecure_value": null,
            "key_id": "",
            "name": "/gstbuddies/dev/aws/region",
            "overwrite": true,
            "region": "us-east-1",
            "tags": {
              "Environment": "dev",
              "ManagedBy": "Terraform",
              "Name": "gstbuddies-dev-aws-region",
              "Project": "gstbuddies"
            },
            "tags_all": {
              "CostCenter": "Development",
              "Environment": "dev",
              "ManagedBy": "Terraform",
              "Name": "gstbuddies-dev-aws-region",
              "Project": "gstbuddies"
            },
            "tier": "Standard",
            "type": "String",
            "value": "us-east-1",
            "value_wo": null,
            "value_wo_version": null,
            "version": 1
          },
          "sensitive_attributes": [
            [
              {
                "type": "get_attr",
                "value": "value"
              }
            ],
            [
              {
                "type": "get_attr",
                "value": "value_wo"
              }
            ]
          ],
          "identity_schema_version": 0,
          "identity": {
            "account_id": "045084720221",
            "name": "/gstbuddies/dev/aws/region",
            "region": "us-east-1"
          },
          "private": "bnVsbA==",
          "dependencies": [
            "data.aws_caller_identity.current",
            "data.aws_ssm_parameter.google_client_id",
            "data.aws_ssm_parameter.google_client_secret",
            "module.cognito.aws_cognito_identity_provider.google",
            "module.cognito.aws_cognito_managed_login_branding.main",
            "module.cognito.aws_cognito_user_group.admin",
            "module.cognito.aws_cognito_user_group.tenant_admin",
            "module.cognito.aws_cognito_user_group.user",
            "module.cognito.aws_cognito_user_pool.main",
            "module.cognito.aws_cognito_user_pool_client.native",
            "module.cognito.aws_cognito_user_pool_client.spa",
            "module.cognito.aws_cognito_user_pool_domain.main",
            "module.cognito.random_string.domain_suffix"
          ]
        }
      ]
    },
    {
      "module": "module.ssm_parameters",
      "mode": "managed",
      "type": "aws_ssm_parameter",
      "name": "branding_id",
      "provider": "provider[\"registry.terraform.io/hashicorp/aws\"]",
      "instances": [
        {
          "schema_version": 0,
          "attributes": {
            "allowed_pattern": "",
            "arn": "arn:aws:ssm:us-east-1:045084720221:parameter/gstbuddies/dev/cognito/branding_id",
            "data_type": "text",
            "description": "Cognito Managed Login Branding ID",
            "has_value_wo": false,
            "id": "/gstbuddies/dev/cognito/branding_id",
            "insecure_value": null,
            "key_id": "",
            "name": "/gstbuddies/dev/cognito/branding_id",
            "overwrite": true,
            "region": "us-east-1",
            "tags": {
              "Environment": "dev",
              "ManagedBy": "Terraform",
              "Name": "gstbuddies-dev-branding-id",
              "Project": "gstbuddies"
            },
            "tags_all": {
              "CostCenter": "Development",
              "Environment": "dev",
              "ManagedBy": "Terraform",
              "Name": "gstbuddies-dev-branding-id",
              "Project": "gstbuddies"
            },
            "tier": "Standard",
            "type": "String",
            "value": "7f056bb6-0ac6-44eb-bca1-b690052feffb",
            "value_wo": null,
            "value_wo_version": null,
            "version": 1
          },
          "sensitive_attributes": [
            [
              {
                "type": "get_attr",
                "value": "value"
              }
            ],
            [
              {
                "type": "get_attr",
                "value": "value_wo"
              }
            ]
          ],
          "identity_schema_version": 0,
          "identity": {
            "account_id": "045084720221",
            "name": "/gstbuddies/dev/cognito/branding_id",
            "region": "us-east-1"
          },
          "private": "bnVsbA==",
          "dependencies": [
            "data.aws_caller_identity.current",
            "data.aws_ssm_parameter.google_client_id",
            "data.aws_ssm_parameter.google_client_secret",
            "module.cognito.aws_cognito_identity_provider.google",
            "module.cognito.aws_cognito_managed_login_branding.main",
            "module.cognito.aws_cognito_user_group.admin",
            "module.cognito.aws_cognito_user_group.tenant_admin",
            "module.cognito.aws_cognito_user_group.user",
            "module.cognito.aws_cognito_user_pool.main",
            "module.cognito.aws_cognito_user_pool_client.native",
            "module.cognito.aws_cognito_user_pool_client.spa",
            "module.cognito.aws_cognito_user_pool_domain.main",
            "module.cognito.random_string.domain_suffix"
          ]
        }
      ]
    },
    {
      "module": "module.ssm_parameters",
      "mode": "managed",
      "type": "aws_ssm_parameter",
      "name": "callback_url",
      "provider": "provider[\"registry.terraform.io/hashicorp/aws\"]",
      "instances": [
        {
          "schema_version": 0,
          "attributes": {
            "allowed_pattern": "",
            "arn": "arn:aws:ssm:us-east-1:045084720221:parameter/gstbuddies/dev/cognito/callback_url",
            "data_type": "text",
            "description": "Cognito OAuth2 Callback URL",
            "has_value_wo": false,
            "id": "/gstbuddies/dev/cognito/callback_url",
            "insecure_value": null,
            "key_id": "",
            "name": "/gstbuddies/dev/cognito/callback_url",
            "overwrite": true,
            "region": "us-east-1",
            "tags": {
              "Environment": "dev",
              "ManagedBy": "Terraform",
              "Name": "gstbuddies-dev-callback-url",
              "Project": "gstbuddies"
            },
            "tags_all": {
              "CostCenter": "Development",
              "Environment": "dev",
              "ManagedBy": "Terraform",
              "Name": "gstbuddies-dev-callback-url",
              "Project": "gstbuddies"
            },
            "tier": "Standard",
            "type": "String",
            "value": "http://localhost:8080/login/oauth2/code/cognito",
            "value_wo": null,
            "value_wo_version": null,
            "version": 1
          },
          "sensitive_attributes": [
            [
              {
                "type": "get_attr",
                "value": "value"
              }
            ],
            [
              {
                "type": "get_attr",
                "value": "value_wo"
              }
            ]
          ],
          "identity_schema_version": 0,
          "identity": {
            "account_id": "045084720221",
            "name": "/gstbuddies/dev/cognito/callback_url",
            "region": "us-east-1"
          },
          "private": "bnVsbA==",
          "dependencies": [
            "data.aws_caller_identity.current",
            "data.aws_ssm_parameter.google_client_id",
            "data.aws_ssm_parameter.google_client_secret",
            "module.cognito.aws_cognito_identity_provider.google",
            "module.cognito.aws_cognito_managed_login_branding.main",
            "module.cognito.aws_cognito_user_group.admin",
            "module.cognito.aws_cognito_user_group.tenant_admin",
            "module.cognito.aws_cognito_user_group.user",
            "module.cognito.aws_cognito_user_pool.main",
            "module.cognito.aws_cognito_user_pool_client.native",
            "module.cognito.aws_cognito_user_pool_client.spa",
            "module.cognito.aws_cognito_user_pool_domain.main",
            "module.cognito.random_string.domain_suffix"
          ]
        }
      ]
    },
    {
      "module": "module.ssm_parameters",
      "mode": "managed",
      "type": "aws_ssm_parameter",
      "name": "client_id",
      "provider": "provider[\"registry.terraform.io/hashicorp/aws\"]",
      "instances": [
        {
          "schema_version": 0,
          "attributes": {
            "allowed_pattern": "",
            "arn": "arn:aws:ssm:us-east-1:045084720221:parameter/gstbuddies/dev/cognito/client_id",
            "data_type": "text",
            "description": "Cognito Client ID",
            "has_value_wo": false,
            "id": "/gstbuddies/dev/cognito/client_id",
            "insecure_value": null,
            "key_id": "",
            "name": "/gstbuddies/dev/cognito/client_id",
            "overwrite": true,
            "region": "us-east-1",
            "tags": {
              "Environment": "dev",
              "ManagedBy": "Terraform",
              "Name": "gstbuddies-dev-client-id",
              "Project": "gstbuddies"
            },
            "tags_all": {
              "CostCenter": "Development",
              "Environment": "dev",
              "ManagedBy": "Terraform",
              "Name": "gstbuddies-dev-client-id",
              "Project": "gstbuddies"
            },
            "tier": "Standard",
            "type": "String",
            "value": "244re9js2io9aruoc1m62pqdjf",
            "value_wo": null,
            "value_wo_version": null,
            "version": 1
          },
          "sensitive_attributes": [
            [
              {
                "type": "get_attr",
                "value": "value"
              }
            ],
            [
              {
                "type": "get_attr",
                "value": "value_wo"
              }
            ]
          ],
          "identity_schema_version": 0,
          "identity": {
            "account_id": "045084720221",
            "name": "/gstbuddies/dev/cognito/client_id",
            "region": "us-east-1"
          },
          "private": "bnVsbA==",
          "dependencies": [
            "data.aws_caller_identity.current",
            "data.aws_ssm_parameter.google_client_id",
            "data.aws_ssm_parameter.google_client_secret",
            "module.cognito.aws_cognito_identity_provider.google",
            "module.cognito.aws_cognito_managed_login_branding.main",
            "module.cognito.aws_cognito_user_group.admin",
            "module.cognito.aws_cognito_user_group.tenant_admin",
            "module.cognito.aws_cognito_user_group.user",
            "module.cognito.aws_cognito_user_pool.main",
            "module.cognito.aws_cognito_user_pool_client.native",
            "module.cognito.aws_cognito_user_pool_client.spa",
            "module.cognito.aws_cognito_user_pool_domain.main",
            "module.cognito.random_string.domain_suffix"
          ]
        }
      ]
    },
    {
      "module": "module.ssm_parameters",
      "mode": "managed",
      "type": "aws_ssm_parameter",
      "name": "client_secret",
      "provider": "provider[\"registry.terraform.io/hashicorp/aws\"]",
      "instances": [
        {
          "schema_version": 0,
          "attributes": {
            "allowed_pattern": "",
            "arn": "arn:aws:ssm:us-east-1:045084720221:parameter/gstbuddies/dev/cognito/client_secret",
            "data_type": "text",
            "description": "Cognito Client Secret",
            "has_value_wo": false,
            "id": "/gstbuddies/dev/cognito/client_secret",
            "insecure_value": null,
            "key_id": "alias/aws/ssm",
            "name": "/gstbuddies/dev/cognito/client_secret",
            "overwrite": true,
            "region": "us-east-1",
            "tags": {
              "Environment": "dev",
              "ManagedBy": "Terraform",
              "Name": "gstbuddies-dev-client-secret",
              "Project": "gstbuddies"
            },
            "tags_all": {
              "CostCenter": "Development",
              "Environment": "dev",
              "ManagedBy": "Terraform",
              "Name": "gstbuddies-dev-client-secret",
              "Project": "gstbuddies"
            },
            "tier": "Standard",
            "type": "SecureString",
            "value": "1ld47duk9o6jbqvfeemh2hm1b6lptjt11gv2st8gl88mm9d60hoe",
            "value_wo": null,
            "value_wo_version": null,
            "version": 1
          },
          "sensitive_attributes": [
            [
              {
                "type": "get_attr",
                "value": "value"
              }
            ],
            [
              {
                "type": "get_attr",
                "value": "value_wo"
              }
            ]
          ],
          "identity_schema_version": 0,
          "identity": {
            "account_id": "045084720221",
            "name": "/gstbuddies/dev/cognito/client_secret",
            "region": "us-east-1"
          },
          "private": "bnVsbA==",
          "dependencies": [
            "data.aws_caller_identity.current",
            "data.aws_ssm_parameter.google_client_id",
            "data.aws_ssm_parameter.google_client_secret",
            "module.cognito.aws_cognito_identity_provider.google",
            "module.cognito.aws_cognito_managed_login_branding.main",
            "module.cognito.aws_cognito_user_group.admin",
            "module.cognito.aws_cognito_user_group.tenant_admin",
            "module.cognito.aws_cognito_user_group.user",
            "module.cognito.aws_cognito_user_pool.main",
            "module.cognito.aws_cognito_user_pool_client.native",
            "module.cognito.aws_cognito_user_pool_client.spa",
            "module.cognito.aws_cognito_user_pool_domain.main",
            "module.cognito.random_string.domain_suffix"
          ]
        }
      ]
    },
    {
      "module": "module.ssm_parameters",
      "mode": "managed",
      "type": "aws_ssm_parameter",
      "name": "domain",
      "provider": "provider[\"registry.terraform.io/hashicorp/aws\"]",
      "instances": [
        {
          "schema_version": 0,
          "attributes": {
            "allowed_pattern": "",
            "arn": "arn:aws:ssm:us-east-1:045084720221:parameter/gstbuddies/dev/cognito/domain",
            "data_type": "text",
            "description": "Cognito Hosted UI Domain",
            "has_value_wo": false,
            "id": "/gstbuddies/dev/cognito/domain",
            "insecure_value": null,
            "key_id": "",
            "name": "/gstbuddies/dev/cognito/domain",
            "overwrite": true,
            "region": "us-east-1",
            "tags": {
              "Environment": "dev",
              "ManagedBy": "Terraform",
              "Name": "gstbuddies-dev-domain",
              "Project": "gstbuddies"
            },
            "tags_all": {
              "CostCenter": "Development",
              "Environment": "dev",
              "ManagedBy": "Terraform",
              "Name": "gstbuddies-dev-domain",
              "Project": "gstbuddies"
            },
            "tier": "Standard",
            "type": "String",
            "value": "gstbuddies-dev-ifgcoqsh",
            "value_wo": null,
            "value_wo_version": null,
            "version": 1
          },
          "sensitive_attributes": [
            [
              {
                "type": "get_attr",
                "value": "value"
              }
            ],
            [
              {
                "type": "get_attr",
                "value": "value_wo"
              }
            ]
          ],
          "identity_schema_version": 0,
          "identity": {
            "account_id": "045084720221",
            "name": "/gstbuddies/dev/cognito/domain",
            "region": "us-east-1"
          },
          "private": "bnVsbA==",
          "dependencies": [
            "data.aws_caller_identity.current",
            "data.aws_ssm_parameter.google_client_id",
            "data.aws_ssm_parameter.google_client_secret",
            "module.cognito.aws_cognito_identity_provider.google",
            "module.cognito.aws_cognito_managed_login_branding.main",
            "module.cognito.aws_cognito_user_group.admin",
            "module.cognito.aws_cognito_user_group.tenant_admin",
            "module.cognito.aws_cognito_user_group.user",
            "module.cognito.aws_cognito_user_pool.main",
            "module.cognito.aws_cognito_user_pool_client.native",
            "module.cognito.aws_cognito_user_pool_client.spa",
            "module.cognito.aws_cognito_user_pool_domain.main",
            "module.cognito.random_string.domain_suffix"
          ]
        }
      ]
    },
    {
      "module": "module.ssm_parameters",
      "mode": "managed",
      "type": "aws_ssm_parameter",
      "name": "hosted_ui_url",
      "provider": "provider[\"registry.terraform.io/hashicorp/aws\"]",
      "instances": [
        {
          "schema_version": 0,
          "attributes": {
            "allowed_pattern": "",
            "arn": "arn:aws:ssm:us-east-1:045084720221:parameter/gstbuddies/dev/cognito/hosted_ui_url",
            "data_type": "text",
            "description": "Cognito Hosted UI URL",
            "has_value_wo": false,
            "id": "/gstbuddies/dev/cognito/hosted_ui_url",
            "insecure_value": null,
            "key_id": "",
            "name": "/gstbuddies/dev/cognito/hosted_ui_url",
            "overwrite": true,
            "region": "us-east-1",
            "tags": {
              "Environment": "dev",
              "ManagedBy": "Terraform",
              "Name": "gstbuddies-dev-hosted-ui-url",
              "Project": "gstbuddies"
            },
            "tags_all": {
              "CostCenter": "Development",
              "Environment": "dev",
              "ManagedBy": "Terraform",
              "Name": "gstbuddies-dev-hosted-ui-url",
              "Project": "gstbuddies"
            },
            "tier": "Standard",
            "type": "String",
            "value": "https://gstbuddies-dev-ifgcoqsh.auth.us-east-1.amazoncognito.com/oauth2/authorize?client_id=244re9js2io9aruoc1m62pqdjf\u0026response_type=code\u0026scope=openid+email+profile+phone\u0026redirect_uri=http%3A%2F%2Flocalhost%3A8080%2Flogin%2Foauth2%2Fcode%2Fcognito",
            "value_wo": null,
            "value_wo_version": null,
            "version": 1
          },
          "sensitive_attributes": [
            [
              {
                "type": "get_attr",
                "value": "value"
              }
            ],
            [
              {
                "type": "get_attr",
                "value": "value_wo"
              }
            ]
          ],
          "identity_schema_version": 0,
          "identity": {
            "account_id": "045084720221",
            "name": "/gstbuddies/dev/cognito/hosted_ui_url",
            "region": "us-east-1"
          },
          "private": "bnVsbA==",
          "dependencies": [
            "data.aws_caller_identity.current",
            "data.aws_ssm_parameter.google_client_id",
            "data.aws_ssm_parameter.google_client_secret",
            "module.cognito.aws_cognito_identity_provider.google",
            "module.cognito.aws_cognito_managed_login_branding.main",
            "module.cognito.aws_cognito_user_group.admin",
            "module.cognito.aws_cognito_user_group.tenant_admin",
            "module.cognito.aws_cognito_user_group.user",
            "module.cognito.aws_cognito_user_pool.main",
            "module.cognito.aws_cognito_user_pool_client.native",
            "module.cognito.aws_cognito_user_pool_client.spa",
            "module.cognito.aws_cognito_user_pool_domain.main",
            "module.cognito.random_string.domain_suffix"
          ]
        }
      ]
    },
    {
      "module": "module.ssm_parameters",
      "mode": "managed",
      "type": "aws_ssm_parameter",
      "name": "issuer_uri",
      "provider": "provider[\"registry.terraform.io/hashicorp/aws\"]",
      "instances": [
        {
          "schema_version": 0,
          "attributes": {
            "allowed_pattern": "",
            "arn": "arn:aws:ssm:us-east-1:045084720221:parameter/gstbuddies/dev/cognito/issuer_uri",
            "data_type": "text",
            "description": "Cognito Issuer URI",
            "has_value_wo": false,
            "id": "/gstbuddies/dev/cognito/issuer_uri",
            "insecure_value": null,
            "key_id": "",
            "name": "/gstbuddies/dev/cognito/issuer_uri",
            "overwrite": true,
            "region": "us-east-1",
            "tags": {
              "Environment": "dev",
              "ManagedBy": "Terraform",
              "Name": "gstbuddies-dev-issuer-uri",
              "Project": "gstbuddies"
            },
            "tags_all": {
              "CostCenter": "Development",
              "Environment": "dev",
              "ManagedBy": "Terraform",
              "Name": "gstbuddies-dev-issuer-uri",
              "Project": "gstbuddies"
            },
            "tier": "Standard",
            "type": "String",
            "value": "https://cognito-idp.us-east-1.amazonaws.com/us-east-1_6Z26bMGxv",
            "value_wo": null,
            "value_wo_version": null,
            "version": 1
          },
          "sensitive_attributes": [
            [
              {
                "type": "get_attr",
                "value": "value"
              }
            ],
            [
              {
                "type": "get_attr",
                "value": "value_wo"
              }
            ]
          ],
          "identity_schema_version": 0,
          "identity": {
            "account_id": "045084720221",
            "name": "/gstbuddies/dev/cognito/issuer_uri",
            "region": "us-east-1"
          },
          "private": "bnVsbA==",
          "dependencies": [
            "data.aws_caller_identity.current",
            "data.aws_ssm_parameter.google_client_id",
            "data.aws_ssm_parameter.google_client_secret",
            "module.cognito.aws_cognito_identity_provider.google",
            "module.cognito.aws_cognito_managed_login_branding.main",
            "module.cognito.aws_cognito_user_group.admin",
            "module.cognito.aws_cognito_user_group.tenant_admin",
            "module.cognito.aws_cognito_user_group.user",
            "module.cognito.aws_cognito_user_pool.main",
            "module.cognito.aws_cognito_user_pool_client.native",
            "module.cognito.aws_cognito_user_pool_client.spa",
            "module.cognito.aws_cognito_user_pool_domain.main",
            "module.cognito.random_string.domain_suffix"
          ]
        }
      ]
    },
    {
      "module": "module.ssm_parameters",
      "mode": "managed",
      "type": "aws_ssm_parameter",
      "name": "jwks_uri",
      "provider": "provider[\"registry.terraform.io/hashicorp/aws\"]",
      "instances": [
        {
          "schema_version": 0,
          "attributes": {
            "allowed_pattern": "",
            "arn": "arn:aws:ssm:us-east-1:045084720221:parameter/gstbuddies/dev/cognito/jwks_uri",
            "data_type": "text",
            "description": "Cognito JWKS URI",
            "has_value_wo": false,
            "id": "/gstbuddies/dev/cognito/jwks_uri",
            "insecure_value": null,
            "key_id": "",
            "name": "/gstbuddies/dev/cognito/jwks_uri",
            "overwrite": true,
            "region": "us-east-1",
            "tags": {
              "Environment": "dev",
              "ManagedBy": "Terraform",
              "Name": "gstbuddies-dev-jwks-uri",
              "Project": "gstbuddies"
            },
            "tags_all": {
              "CostCenter": "Development",
              "Environment": "dev",
              "ManagedBy": "Terraform",
              "Name": "gstbuddies-dev-jwks-uri",
              "Project": "gstbuddies"
            },
            "tier": "Standard",
            "type": "String",
            "value": "https://cognito-idp.us-east-1.amazonaws.com/us-east-1_6Z26bMGxv/.well-known/jwks.json",
            "value_wo": null,
            "value_wo_version": null,
            "version": 1
          },
          "sensitive_attributes": [
            [
              {
                "type": "get_attr",
                "value": "value"
              }
            ],
            [
              {
                "type": "get_attr",
                "value": "value_wo"
              }
            ]
          ],
          "identity_schema_version": 0,
          "identity": {
            "account_id": "045084720221",
            "name": "/gstbuddies/dev/cognito/jwks_uri",
            "region": "us-east-1"
          },
          "private": "bnVsbA==",
          "dependencies": [
            "data.aws_caller_identity.current",
            "data.aws_ssm_parameter.google_client_id",
            "data.aws_ssm_parameter.google_client_secret",
            "module.cognito.aws_cognito_identity_provider.google",
            "module.cognito.aws_cognito_managed_login_branding.main",
            "module.cognito.aws_cognito_user_group.admin",
            "module.cognito.aws_cognito_user_group.tenant_admin",
            "module.cognito.aws_cognito_user_group.user",
            "module.cognito.aws_cognito_user_pool.main",
            "module.cognito.aws_cognito_user_pool_client.native",
            "module.cognito.aws_cognito_user_pool_client.spa",
            "module.cognito.aws_cognito_user_pool_domain.main",
            "module.cognito.random_string.domain_suffix"
          ]
        }
      ]
    },
    {
      "module": "module.ssm_parameters",
      "mode": "managed",
      "type": "aws_ssm_parameter",
      "name": "logout_redirect_url",
      "provider": "provider[\"registry.terraform.io/hashicorp/aws\"]",
      "instances": [
        {
          "schema_version": 0,
          "attributes": {
            "allowed_pattern": "",
            "arn": "arn:aws:ssm:us-east-1:045084720221:parameter/gstbuddies/dev/cognito/logout_redirect_url",
            "data_type": "text",
            "description": "Cognito Logout Redirect URL",
            "has_value_wo": false,
            "id": "/gstbuddies/dev/cognito/logout_redirect_url",
            "insecure_value": null,
            "key_id": "",
            "name": "/gstbuddies/dev/cognito/logout_redirect_url",
            "overwrite": true,
            "region": "us-east-1",
            "tags": {
              "Environment": "dev",
              "ManagedBy": "Terraform",
              "Name": "gstbuddies-dev-logout-redirect-url",
              "Project": "gstbuddies"
            },
            "tags_all": {
              "CostCenter": "Development",
              "Environment": "dev",
              "ManagedBy": "Terraform",
              "Name": "gstbuddies-dev-logout-redirect-url",
              "Project": "gstbuddies"
            },
            "tier": "Standard",
            "type": "String",
            "value": "http://localhost:8080",
            "value_wo": null,
            "value_wo_version": null,
            "version": 1
          },
          "sensitive_attributes": [
            [
              {
                "type": "get_attr",
                "value": "value"
              }
            ],
            [
              {
                "type": "get_attr",
                "value": "value_wo"
              }
            ]
          ],
          "identity_schema_version": 0,
          "identity": {
            "account_id": "045084720221",
            "name": "/gstbuddies/dev/cognito/logout_redirect_url",
            "region": "us-east-1"
          },
          "private": "bnVsbA==",
          "dependencies": [
            "data.aws_caller_identity.current",
            "data.aws_ssm_parameter.google_client_id",
            "data.aws_ssm_parameter.google_client_secret",
            "module.cognito.aws_cognito_identity_provider.google",
            "module.cognito.aws_cognito_managed_login_branding.main",
            "module.cognito.aws_cognito_user_group.admin",
            "module.cognito.aws_cognito_user_group.tenant_admin",
            "module.cognito.aws_cognito_user_group.user",
            "module.cognito.aws_cognito_user_pool.main",
            "module.cognito.aws_cognito_user_pool_client.native",
            "module.cognito.aws_cognito_user_pool_client.spa",
            "module.cognito.aws_cognito_user_pool_domain.main",
            "module.cognito.random_string.domain_suffix"
          ]
        }
      ]
    },
    {
      "module": "module.ssm_parameters",
      "mode": "managed",
      "type": "aws_ssm_parameter",
      "name": "ses_enabled",
      "provider": "provider[\"registry.terraform.io/hashicorp/aws\"]",
      "instances": [
        {
          "schema_version": 0,
          "attributes": {
            "allowed_pattern": "",
            "arn": "arn:aws:ssm:us-east-1:045084720221:parameter/gstbuddies/dev/ses/enabled",
            "data_type": "text",
            "description": "Whether SES is enabled for email sending",
            "has_value_wo": false,
            "id": "/gstbuddies/dev/ses/enabled",
            "insecure_value": null,
            "key_id": "",
            "name": "/gstbuddies/dev/ses/enabled",
            "overwrite": true,
            "region": "us-east-1",
            "tags": {
              "Environment": "dev",
              "ManagedBy": "Terraform",
              "Name": "gstbuddies-dev-ses-enabled",
              "Project": "gstbuddies"
            },
            "tags_all": {
              "CostCenter": "Development",
              "Environment": "dev",
              "ManagedBy": "Terraform",
              "Name": "gstbuddies-dev-ses-enabled",
              "Project": "gstbuddies"
            },
            "tier": "Standard",
            "type": "String",
            "value": "false",
            "value_wo": null,
            "value_wo_version": null,
            "version": 1
          },
          "sensitive_attributes": [
            [
              {
                "type": "get_attr",
                "value": "value"
              }
            ],
            [
              {
                "type": "get_attr",
                "value": "value_wo"
              }
            ]
          ],
          "identity_schema_version": 0,
          "identity": {
            "account_id": "045084720221",
            "name": "/gstbuddies/dev/ses/enabled",
            "region": "us-east-1"
          },
          "private": "bnVsbA==",
          "dependencies": [
            "data.aws_caller_identity.current",
            "data.aws_ssm_parameter.google_client_id",
            "data.aws_ssm_parameter.google_client_secret",
            "module.cognito.aws_cognito_identity_provider.google",
            "module.cognito.aws_cognito_managed_login_branding.main",
            "module.cognito.aws_cognito_user_group.admin",
            "module.cognito.aws_cognito_user_group.tenant_admin",
            "module.cognito.aws_cognito_user_group.user",
            "module.cognito.aws_cognito_user_pool.main",
            "module.cognito.aws_cognito_user_pool_client.native",
            "module.cognito.aws_cognito_user_pool_client.spa",
            "module.cognito.aws_cognito_user_pool_domain.main",
            "module.cognito.random_string.domain_suffix"
          ]
        }
      ]
    },
    {
      "module": "module.ssm_parameters",
      "mode": "managed",
      "type": "aws_ssm_parameter",
      "name": "ses_from_email",
      "provider": "provider[\"registry.terraform.io/hashicorp/aws\"]",
      "instances": [
        {
          "schema_version": 0,
          "attributes": {
            "allowed_pattern": "",
            "arn": "arn:aws:ssm:us-east-1:045084720221:parameter/gstbuddies/dev/ses/from_email",
            "data_type": "text",
            "description": "SES From Email Address",
            "has_value_wo": false,
            "id": "/gstbuddies/dev/ses/from_email",
            "insecure_value": null,
            "key_id": "",
            "name": "/gstbuddies/dev/ses/from_email",
            "overwrite": true,
            "region": "us-east-1",
            "tags": {
              "Environment": "dev",
              "ManagedBy": "Terraform",
              "Name": "gstbuddies-dev-ses-from-email",
              "Project": "gstbuddies"
            },
            "tags_all": {
              "CostCenter": "Development",
              "Environment": "dev",
              "ManagedBy": "Terraform",
              "Name": "gstbuddies-dev-ses-from-email",
              "Project": "gstbuddies"
            },
            "tier": "Standard",
            "type": "String",
            "value": "noreply@example.com",
            "value_wo": null,
            "value_wo_version": null,
            "version": 1
          },
          "sensitive_attributes": [
            [
              {
                "type": "get_attr",
                "value": "value"
              }
            ],
            [
              {
                "type": "get_attr",
                "value": "value_wo"
              }
            ]
          ],
          "identity_schema_version": 0,
          "identity": {
            "account_id": "045084720221",
            "name": "/gstbuddies/dev/ses/from_email",
            "region": "us-east-1"
          },
          "private": "bnVsbA==",
          "dependencies": [
            "data.aws_caller_identity.current",
            "data.aws_ssm_parameter.google_client_id",
            "data.aws_ssm_parameter.google_client_secret",
            "module.cognito.aws_cognito_identity_provider.google",
            "module.cognito.aws_cognito_managed_login_branding.main",
            "module.cognito.aws_cognito_user_group.admin",
            "module.cognito.aws_cognito_user_group.tenant_admin",
            "module.cognito.aws_cognito_user_group.user",
            "module.cognito.aws_cognito_user_pool.main",
            "module.cognito.aws_cognito_user_pool_client.native",
            "module.cognito.aws_cognito_user_pool_client.spa",
            "module.cognito.aws_cognito_user_pool_domain.main",
            "module.cognito.random_string.domain_suffix"
          ]
        }
      ]
    },
    {
      "module": "module.ssm_parameters",
      "mode": "managed",
      "type": "aws_ssm_parameter",
      "name": "spa_client_id",
      "provider": "provider[\"registry.terraform.io/hashicorp/aws\"]",
      "instances": [
        {
          "schema_version": 0,
          "attributes": {
            "allowed_pattern": "",
            "arn": "arn:aws:ssm:us-east-1:045084720221:parameter/gstbuddies/dev/cognito/spa_client_id",
            "data_type": "text",
            "description": "Cognito SPA Client ID (for frontend - no secret)",
            "has_value_wo": false,
            "id": "/gstbuddies/dev/cognito/spa_client_id",
            "insecure_value": null,
            "key_id": "",
            "name": "/gstbuddies/dev/cognito/spa_client_id",
            "overwrite": true,
            "region": "us-east-1",
            "tags": {
              "Environment": "dev",
              "ManagedBy": "Terraform",
              "Name": "gstbuddies-dev-spa-client-id",
              "Project": "gstbuddies"
            },
            "tags_all": {
              "CostCenter": "Development",
              "Environment": "dev",
              "ManagedBy": "Terraform",
              "Name": "gstbuddies-dev-spa-client-id",
              "Project": "gstbuddies"
            },
            "tier": "Standard",
            "type": "String",
            "value": "453k4rhu7j7v8g653n1kt7g6np",
            "value_wo": null,
            "value_wo_version": null,
            "version": 1
          },
          "sensitive_attributes": [
            [
              {
                "type": "get_attr",
                "value": "value"
              }
            ],
            [
              {
                "type": "get_attr",
                "value": "value_wo"
              }
            ]
          ],
          "identity_schema_version": 0,
          "identity": {
            "account_id": "045084720221",
            "name": "/gstbuddies/dev/cognito/spa_client_id",
            "region": "us-east-1"
          },
          "private": "bnVsbA==",
          "dependencies": [
            "data.aws_caller_identity.current",
            "data.aws_ssm_parameter.google_client_id",
            "data.aws_ssm_parameter.google_client_secret",
            "module.cognito.aws_cognito_identity_provider.google",
            "module.cognito.aws_cognito_managed_login_branding.main",
            "module.cognito.aws_cognito_user_group.admin",
            "module.cognito.aws_cognito_user_group.tenant_admin",
            "module.cognito.aws_cognito_user_group.user",
            "module.cognito.aws_cognito_user_pool.main",
            "module.cognito.aws_cognito_user_pool_client.native",
            "module.cognito.aws_cognito_user_pool_client.spa",
            "module.cognito.aws_cognito_user_pool_domain.main",
            "module.cognito.random_string.domain_suffix"
          ]
        }
      ]
    },
    {
      "module": "module.ssm_parameters",
      "mode": "managed",
      "type": "aws_ssm_parameter",
      "name": "user_pool_id",
      "provider": "provider[\"registry.terraform.io/hashicorp/aws\"]",
      "instances": [
        {
          "schema_version": 0,
          "attributes": {
            "allowed_pattern": "",
            "arn": "arn:aws:ssm:us-east-1:045084720221:parameter/gstbuddies/dev/cognito/user_pool_id",
            "data_type": "text",
            "description": "Cognito User Pool ID",
            "has_value_wo": false,
            "id": "/gstbuddies/dev/cognito/user_pool_id",
            "insecure_value": null,
            "key_id": "",
            "name": "/gstbuddies/dev/cognito/user_pool_id",
            "overwrite": true,
            "region": "us-east-1",
            "tags": {
              "Environment": "dev",
              "ManagedBy": "Terraform",
              "Name": "gstbuddies-dev-user-pool-id",
              "Project": "gstbuddies"
            },
            "tags_all": {
              "CostCenter": "Development",
              "Environment": "dev",
              "ManagedBy": "Terraform",
              "Name": "gstbuddies-dev-user-pool-id",
              "Project": "gstbuddies"
            },
            "tier": "Standard",
            "type": "String",
            "value": "us-east-1_6Z26bMGxv",
            "value_wo": null,
            "value_wo_version": null,
            "version": 1
          },
          "sensitive_attributes": [
            [
              {
                "type": "get_attr",
                "value": "value"
              }
            ],
            [
              {
                "type": "get_attr",
                "value": "value_wo"
              }
            ]
          ],
          "identity_schema_version": 0,
          "identity": {
            "account_id": "045084720221",
            "name": "/gstbuddies/dev/cognito/user_pool_id",
            "region": "us-east-1"
          },
          "private": "bnVsbA==",
          "dependencies": [
            "data.aws_caller_identity.current",
            "data.aws_ssm_parameter.google_client_id",
            "data.aws_ssm_parameter.google_client_secret",
            "module.cognito.aws_cognito_identity_provider.google",
            "module.cognito.aws_cognito_managed_login_branding.main",
            "module.cognito.aws_cognito_user_group.admin",
            "module.cognito.aws_cognito_user_group.tenant_admin",
            "module.cognito.aws_cognito_user_group.user",
            "module.cognito.aws_cognito_user_pool.main",
            "module.cognito.aws_cognito_user_pool_client.native",
            "module.cognito.aws_cognito_user_pool_client.spa",
            "module.cognito.aws_cognito_user_pool_domain.main",
            "module.cognito.random_string.domain_suffix"
          ]
        }
      ]
    }
  ],
  "check_results": [
    {
      "object_kind": "var",
      "config_addr": "var.logout_urls",
      "status": "pass",
      "objects": [
        {
          "object_addr": "var.logout_urls",
          "status": "pass"
        }
      ]
    },
    {
      "object_kind": "var",
      "config_addr": "var.access_token_validity",
      "status": "pass",
      "objects": [
        {
          "object_addr": "var.access_token_validity",
          "status": "pass"
        }
      ]
    },
    {
      "object_kind": "var",
      "config_addr": "var.refresh_token_validity",
      "status": "pass",
      "objects": [
        {
          "object_addr": "var.refresh_token_validity",
          "status": "pass"
        }
      ]
    },
    {
      "object_kind": "var",
      "config_addr": "var.project_name",
      "status": "pass",
      "objects": [
        {
          "object_addr": "var.project_name",
          "status": "pass"
        }
      ]
    },
    {
      "object_kind": "var",
      "config_addr": "var.environment",
      "status": "pass",
      "objects": [
        {
          "object_addr": "var.environment",
          "status": "pass"
        }
      ]
    },
    {
      "object_kind": "var",
      "config_addr": "var.id_token_validity",
      "status": "pass",
      "objects": [
        {
          "object_addr": "var.id_token_validity",
          "status": "pass"
        }
      ]
    },
    {
      "object_kind": "var",
      "config_addr": "var.aws_region",
      "status": "pass",
      "objects": [
        {
          "object_addr": "var.aws_region",
          "status": "pass"
        }
      ]
    },
    {
      "object_kind": "var",
      "config_addr": "var.callback_urls",
      "status": "pass",
      "objects": [
        {
          "object_addr": "var.callback_urls",
          "status": "pass"
        }
      ]
    }
  ]
}
